# THIS IS AN AUTOGENERATED FILE. DO NOT EDIT THIS FILE DIRECTLY.
# yarn lockfile v1


commander@~0.6.1:
  version "0.6.1"
  resolved "https://registry.yarnpkg.com/commander/-/commander-0.6.1.tgz#fa68a14f6a945d54dbbe50d8cdb3320e9e3b1a06"

gl-matrix@2.2.1:
  version "2.2.1"
  resolved "https://registry.yarnpkg.com/gl-matrix/-/gl-matrix-2.2.1.tgz#015bdcd55b6c632860980b13b31296628ae10cce"

leapjs@^0.6.4:
  version "0.6.4"
  resolved "https://registry.yarnpkg.com/leapjs/-/leapjs-0.6.4.tgz#90588b0f29c1d39244b97a14d76daa4027c78ada"
  dependencies:
    gl-matrix "2.2.1"
    underscore "1.4.4"
    ws "0.4.25"

options@latest:
  version "0.0.6"
  resolved "https://registry.yarnpkg.com/options/-/options-0.0.6.tgz#ec22d312806bb53e731773e7cdaefcf1c643128f"

tinycolor@0.x:
  version "0.0.1"
  resolved "https://registry.yarnpkg.com/tinycolor/-/tinycolor-0.0.1.tgz#320b5a52d83abb5978d81a3e887d4aefb15a6164"

underscore@1.4.4:
  version "1.4.4"
  resolved "https://registry.yarnpkg.com/underscore/-/underscore-1.4.4.tgz#61a6a32010622afa07963bf325203cf12239d604"

ws@0.4.25:
  version "0.4.25"
  resolved "https://registry.yarnpkg.com/ws/-/ws-0.4.25.tgz#3dca06feddc25944af780d7b01da2cf63da7acc8"
  dependencies:
    commander "~0.6.1"
    options latest
    tinycolor "0.x"
